
Microsoft Visual Studio Solution File, Format Version 12.00
# Visual Studio Version 17
VisualStudioVersion = 17.7.34031.279
MinimumVisualStudioVersion = 10.0.40219.1
Project("{FAE04EC0-301F-11D3-BF4B-00C04F79EFBC}") = "CRUDAppBackend", "CRUDAppBackend\CRUDAppBackend.csproj", "{100E72E7-DD83-420F-B396-6DCEEDF94138}"
EndProject
Global
	GlobalSection(SolutionConfigurationPlatforms) = preSolution
		Debug|Any CPU = Debug|Any CPU
		Release|Any CPU = Release|Any CPU
	EndGlobalSection
	GlobalSection(ProjectConfigurationPlatforms) = postSolution
		{100E72E7-DD83-420F-B396-6DCEEDF94138}.Debug|Any CPU.ActiveCfg = Debug|Any CPU
		{100E72E7-DD83-420F-B396-6DCEEDF94138}.Debug|Any CPU.Build.0 = Debug|Any CPU
		{100E72E7-DD83-420F-B396-6DCEEDF94138}.Release|Any CPU.ActiveCfg = Release|Any CPU
		{100E72E7-DD83-420F-B396-6DCEEDF94138}.Release|Any CPU.Build.0 = Release|Any CPU
	EndGlobalSection
	GlobalSection(SolutionProperties) = preSolution
		HideSolutionNode = FALSE
	EndGlobalSection
	GlobalSection(ExtensibilityGlobals) = postSolution
		SolutionGuid = {32524CF4-81CA-46A7-99F9-DA432C5B77B8}
	EndGlobalSection
EndGlobal
